
Microsoft Visual Studio Solution File, Format Version 12.00
Project("{FAE04EC0-301F-11D3-BF4B-00C04F79EFBC}") = "AS practice", "AS practice\AS practice.csproj", "{42039D92-8797-441E-8534-250FE373DBA1}"
EndProject
Global
	GlobalSection(SolutionConfigurationPlatforms) = preSolution
		Debug|Any CPU = Debug|Any CPU
		Release|Any CPU = Release|Any CPU
	EndGlobalSection
	GlobalSection(ProjectConfigurationPlatforms) = postSolution
		{42039D92-8797-441E-8534-250FE373DBA1}.Debug|Any CPU.ActiveCfg = Debug|Any CPU
		{42039D92-8797-441E-8534-250FE373DBA1}.Debug|Any CPU.Build.0 = Debug|Any CPU
		{42039D92-8797-441E-8534-250FE373DBA1}.Release|Any CPU.ActiveCfg = Release|Any CPU
		{42039D92-8797-441E-8534-250FE373DBA1}.Release|Any CPU.Build.0 = Release|Any CPU
	EndGlobalSection
EndGlobal
